// !$*UTF8*$!
{
	archiveVersion = 1;
	classes = {
	};
	objectVersion = 46;
	objects = {

/* Begin PBXBuildFile section */
		8B3BBE5A18769873001CED0D /* Foundation.framework in Frameworks */ = {isa = PBXBuildFile; fileRef = 8B3BBE5918769873001CED0D /* Foundation.framework */; };
		8B3BBE5C18769873001CED0D /* CoreGraphics.framework in Frameworks */ = {isa = PBXBuildFile; fileRef = 8B3BBE5B18769873001CED0D /* CoreGraphics.framework */; };
		8B3BBE5E18769873001CED0D /* UIKit.framework in Frameworks */ = {isa = PBXBuildFile; fileRef = 8B3BBE5D18769873001CED0D /* UIKit.framework */; };
		8B3BBE6418769873001CED0D /* InfoPlist.strings in Resources */ = {isa = PBXBuildFile; fileRef = 8B3BBE6218769873001CED0D /* InfoPlist.strings */; };
		8B3BBE6618769873001CED0D /* main.m in Sources */ = {isa = PBXBuildFile; fileRef = 8B3BBE6518769873001CED0D /* main.m */; };
		8B3BBE6A18769873001CED0D /* TestGitAppDelegate.m in Sources */ = {isa = PBXBuildFile; fileRef = 8B3BBE6918769873001CED0D /* TestGitAppDelegate.m */; };
		8B3BBE6D18769873001CED0D /* Main.storyboard in Resources */ = {isa = PBXBuildFile; fileRef = 8B3BBE6B18769873001CED0D /* Main.storyboard */; };
		8B3BBE7018769873001CED0D /* TestGitViewController.m in Sources */ = {isa = PBXBuildFile; fileRef = 8B3BBE6F18769873001CED0D /* TestGitViewController.m */; };
		8B3BBE7218769873001CED0D /* Images.xcassets in Resources */ = {isa = PBXBuildFile; fileRef = 8B3BBE7118769873001CED0D /* Images.xcassets */; };
		8B3BBE7918769873001CED0D /* XCTest.framework in Frameworks */ = {isa = PBXBuildFile; fileRef = 8B3BBE7818769873001CED0D /* XCTest.framework */; };
		8B3BBE7A18769873001CED0D /* Foundation.framework in Frameworks */ = {isa = PBXBuildFile; fileRef = 8B3BBE5918769873001CED0D /* Foundation.framework */; };
		8B3BBE7B18769873001CED0D /* UIKit.framework in Frameworks */ = {isa = PBXBuildFile; fileRef = 8B3BBE5D18769873001CED0D /* UIKit.framework */; };
		8B3BBE8318769873001CED0D /* InfoPlist.strings in Resources */ = {isa = PBXBuildFile; fileRef = 8B3BBE8118769873001CED0D /* InfoPlist.strings */; };
		8B3BBE8518769873001CED0D /* testgitTests.m in Sources */ = {isa = PBXBuildFile; fileRef = 8B3BBE8418769873001CED0D /* testgitTests.m */; };
/* End PBXBuildFile section */

/* Begin PBXContainerItemProxy section */
		8B3BBE7C18769873001CED0D /* PBXContainerItemProxy */ = {
			isa = PBXContainerItemProxy;
			containerPortal = 8B3BBE4E18769873001CED0D /* Project object */;
			proxyType = 1;
			remoteGlobalIDString = 8B3BBE5518769873001CED0D;
			remoteInfo = testgit;
		};
/* End PBXContainerItemProxy section */

/* Begin PBXFileReference section */
		8B3BBE5618769873001CED0D /* testgit.app */ = {isa = PBXFileReference; explicitFileType = wrapper.application; includeInIndex = 0; path = testgit.app; sourceTree = BUILT_PRODUCTS_DIR; };
		8B3BBE5918769873001CED0D /* Foundation.framework */ = {isa = PBXFileReference; lastKnownFileType = wrapper.framework; name = Foundation.framework; path = System/Library/Frameworks/Foundation.framework; sourceTree = SDKROOT; };
		8B3BBE5B18769873001CED0D /* CoreGraphics.framework */ = {isa = PBXFileReference; lastKnownFileType = wrapper.framework; name = CoreGraphics.framework; path = System/Library/Frameworks/CoreGraphics.framework; sourceTree = SDKROOT; };
		8B3BBE5D18769873001CED0D /* UIKit.framework */ = {isa = PBXFileReference; lastKnownFileType = wrapper.framework; name = UIKit.framework; path = System/Library/Frameworks/UIKit.framework; sourceTree = SDKROOT; };
		8B3BBE6118769873001CED0D /* testgit-Info.plist */ = {isa = PBXFileReference; lastKnownFileType = text.plist.xml; path = "testgit-Info.plist"; sourceTree = "<group>"; };
		8B3BBE6318769873001CED0D /* en */ = {isa = PBXFileReference; lastKnownFileType = text.plist.strings; name = en; path = en.lproj/InfoPlist.strings; sourceTree = "<group>"; };
		8B3BBE6518769873001CED0D /* main.m */ = {isa = PBXFileReference; lastKnownFileType = sourcecode.c.objc; path = main.m; sourceTree = "<group>"; };
		8B3BBE6718769873001CED0D /* testgit-Prefix.pch */ = {isa = PBXFileReference; lastKnownFileType = sourcecode.c.h; path = "testgit-Prefix.pch"; sourceTree = "<group>"; };
		8B3BBE6818769873001CED0D /* TestGitAppDelegate.h */ = {isa = PBXFileReference; lastKnownFileType = sourcecode.c.h; path = TestGitAppDelegate.h; sourceTree = "<group>"; };
		8B3BBE6918769873001CED0D /* TestGitAppDelegate.m */ = {isa = PBXFileReference; lastKnownFileType = sourcecode.c.objc; path = TestGitAppDelegate.m; sourceTree = "<group>"; };
		8B3BBE6C18769873001CED0D /* Base */ = {isa = PBXFileReference; lastKnownFileType = file.storyboard; name = Base; path = Base.lproj/Main.storyboard; sourceTree = "<group>"; };
		8B3BBE6E18769873001CED0D /* TestGitViewController.h */ = {isa = PBXFileReference; lastKnownFileType = sourcecode.c.h; path = TestGitViewController.h; sourceTree = "<group>"; };
		8B3BBE6F18769873001CED0D /* TestGitViewController.m */ = {isa = PBXFileReference; lastKnownFileType = sourcecode.c.objc; path = TestGitViewController.m; sourceTree = "<group>"; };
		8B3BBE7118769873001CED0D /* Images.xcassets */ = {isa = PBXFileReference; lastKnownFileType = folder.assetcatalog; path = Images.xcassets; sourceTree = "<group>"; };
		8B3BBE7718769873001CED0D /* testgitTests.xctest */ = {isa = PBXFileReference; explicitFileType = wrapper.cfbundle; includeInIndex = 0; path = testgitTests.xctest; sourceTree = BUILT_PRODUCTS_DIR; };
		8B3BBE7818769873001CED0D /* XCTest.framework */ = {isa = PBXFileReference; lastKnownFileType = wrapper.framework; name = XCTest.framework; path = Library/Frameworks/XCTest.framework; sourceTree = DEVELOPER_DIR; };
		8B3BBE8018769873001CED0D /* testgitTests-Info.plist */ = {isa = PBXFileReference; lastKnownFileType = text.plist.xml; path = "testgitTests-Info.plist"; sourceTree = "<group>"; };
		8B3BBE8218769873001CED0D /* en */ = {isa = PBXFileReference; lastKnownFileType = text.plist.strings; name = en; path = en.lproj/InfoPlist.strings; sourceTree = "<group>"; };
		8B3BBE8418769873001CED0D /* testgitTests.m */ = {isa = PBXFileReference; lastKnownFileType = sourcecode.c.objc; path = testgitTests.m; sourceTree = "<group>"; };
/* End PBXFileReference section */

/* Begin PBXFrameworksBuildPhase section */
		8B3BBE5318769873001CED0D /* Frameworks */ = {
			isa = PBXFrameworksBuildPhase;
			buildActionMask = 2147483647;
			files = (
				8B3BBE5C18769873001CED0D /* CoreGraphics.framework in Frameworks */,
				8B3BBE5E18769873001CED0D /* UIKit.framework in Frameworks */,
				8B3BBE5A18769873001CED0D /* Foundation.framework in Frameworks */,
			);
			runOnlyForDeploymentPostprocessing = 0;
		};
		8B3BBE7418769873001CED0D /* Frameworks */ = {
			isa = PBXFrameworksBuildPhase;
			buildActionMask = 2147483647;
			files = (
				8B3BBE7918769873001CED0D /* XCTest.framework in Frameworks */,
				8B3BBE7B18769873001CED0D /* UIKit.framework in Frameworks */,
				8B3BBE7A18769873001CED0D /* Foundation.framework in Frameworks */,
			);
			runOnlyForDeploymentPostprocessing = 0;
		};
/* End PBXFrameworksBuildPhase section */

/* Begin PBXGroup section */
		8B3BBE4D18769873001CED0D = {
			isa = PBXGroup;
			children = (
				8B3BBE5F18769873001CED0D /* testgit */,
				8B3BBE7E18769873001CED0D /* testgitTests */,
				8B3BBE5818769873001CED0D /* Frameworks */,
				8B3BBE5718769873001CED0D /* Products */,
			);
			sourceTree = "<group>";
		};
		8B3BBE5718769873001CED0D /* Products */ = {
			isa = PBXGroup;
			children = (
				8B3BBE5618769873001CED0D /* testgit.app */,
				8B3BBE7718769873001CED0D /* testgitTests.xctest */,
			);
			name = Products;
			sourceTree = "<group>";
		};
		8B3BBE5818769873001CED0D /* Frameworks */ = {
			isa = PBXGroup;
			children = (
				8B3BBE5918769873001CED0D /* Foundation.framework */,
				8B3BBE5B18769873001CED0D /* CoreGraphics.framework */,
				8B3BBE5D18769873001CED0D /* UIKit.framework */,
				8B3BBE7818769873001CED0D /* XCTest.framework */,
			);
			name = Frameworks;
			sourceTree = "<group>";
		};
		8B3BBE5F18769873001CED0D /* testgit */ = {
			isa = PBXGroup;
			children = (
				8B3BBE6818769873001CED0D /* TestGitAppDelegate.h */,
				8B3BBE6918769873001CED0D /* TestGitAppDelegate.m */,
				8B3BBE6B18769873001CED0D /* Main.storyboard */,
				8B3BBE6E18769873001CED0D /* TestGitViewController.h */,
				8B3BBE6F18769873001CED0D /* TestGitViewController.m */,
				8B3BBE7118769873001CED0D /* Images.xcassets */,
				8B3BBE6018769873001CED0D /* Supporting Files */,
			);
			path = testgit;
			sourceTree = "<group>";
		};
		8B3BBE6018769873001CED0D /* Supporting Files */ = {
			isa = PBXGroup;
			children = (
				8B3BBE6118769873001CED0D /* testgit-Info.plist */,
				8B3BBE6218769873001CED0D /* InfoPlist.strings */,
				8B3BBE6518769873001CED0D /* main.m */,
				8B3BBE6718769873001CED0D /* testgit-Prefix.pch */,
			);
			name = "Supporting Files";
			sourceTree = "<group>";
		};
		8B3BBE7E18769873001CED0D /* testgitTests */ = {
			isa = PBXGroup;
			children = (
				8B3BBE8418769873001CED0D /* testgitTests.m */,
				8B3BBE7F18769873001CED0D /* Supporting Files */,
			);
			path = testgitTests;
			sourceTree = "<group>";
		};
		8B3BBE7F18769873001CED0D /* Supporting Files */ = {
			isa = PBXGroup;
			children = (
				8B3BBE8018769873001CED0D /* testgitTests-Info.plist */,
				8B3BBE8118769873001CED0D /* InfoPlist.strings */,
			);
			name = "Supporting Files";
			sourceTree = "<group>";
		};
/* End PBXGroup section */

/* Begin PBXNativeTarget section */
		8B3BBE5518769873001CED0D /* testgit */ = {
			isa = PBXNativeTarget;
			buildConfigurationList = 8B3BBE8818769873001CED0D /* Build configuration list for PBXNativeTarget "testgit" */;
			buildPhases = (
				8B3BBE5218769873001CED0D /* Sources */,
				8B3BBE5318769873001CED0D /* Frameworks */,
				8B3BBE5418769873001CED0D /* Resources */,
			);
			buildRules = (
			);
			dependencies = (
			);
			name = testgit;
			productName = testgit;
			productReference = 8B3BBE5618769873001CED0D /* testgit.app */;
			productType = "com.apple.product-type.application";
		};
		8B3BBE7618769873001CED0D /* testgitTests */ = {
			isa = PBXNativeTarget;
			buildConfigurationList = 8B3BBE8B18769873001CED0D /* Build configuration list for PBXNativeTarget "testgitTests" */;
			buildPhases = (
				8B3BBE7318769873001CED0D /* Sources */,
				8B3BBE7418769873001CED0D /* Frameworks */,
				8B3BBE7518769873001CED0D /* Resources */,
			);
			buildRules = (
			);
			dependencies = (
				8B3BBE7D18769873001CED0D /* PBXTargetDependency */,
			);
			name = testgitTests;
			productName = testgitTests;
			productReference = 8B3BBE7718769873001CED0D /* testgitTests.xctest */;
			productType = "com.apple.product-type.bundle.unit-test";
		};
/* End PBXNativeTarget section */

/* Begin PBXProject section */
		8B3BBE4E18769873001CED0D /* Project object */ = {
			isa = PBXProject;
			attributes = {
				CLASSPREFIX = TestGit;
				LastUpgradeCheck = 0500;
				ORGANIZATIONNAME = "Bob Schoenburg";
				TargetAttributes = {
					8B3BBE7618769873001CED0D = {
						TestTargetID = 8B3BBE5518769873001CED0D;
					};
				};
			};
			buildConfigurationList = 8B3BBE5118769873001CED0D /* Build configuration list for PBXProject "testgit" */;
			compatibilityVersion = "Xcode 3.2";
			developmentRegion = English;
			hasScannedForEncodings = 0;
			knownRegions = (
				en,
				Base,
			);
			mainGroup = 8B3BBE4D18769873001CED0D;
			productRefGroup = 8B3BBE5718769873001CED0D /* Products */;
			projectDirPath = "";
			projectRoot = "";
			targets = (
				8B3BBE5518769873001CED0D /* testgit */,
				8B3BBE7618769873001CED0D /* testgitTests */,
			);
		};
/* End PBXProject section */

/* Begin PBXResourcesBuildPhase section */
		8B3BBE5418769873001CED0D /* Resources */ = {
			isa = PBXResourcesBuildPhase;
			buildActionMask = 2147483647;
			files = (
				8B3BBE7218769873001CED0D /* Images.xcassets in Resources */,
				8B3BBE6418769873001CED0D /* InfoPlist.strings in Resources */,
				8B3BBE6D18769873001CED0D /* Main.storyboard in Resources */,
			);
			runOnlyForDeploymentPostprocessing = 0;
		};
		8B3BBE7518769873001CED0D /* Resources */ = {
			isa = PBXResourcesBuildPhase;
			buildActionMask = 2147483647;
			files = (
				8B3BBE8318769873001CED0D /* InfoPlist.strings in Resources */,
			);
			runOnlyForDeploymentPostprocessing = 0;
		};
/* End PBXResourcesBuildPhase section */

/* Begin PBXSourcesBuildPhase section */
		8B3BBE5218769873001CED0D /* Sources */ = {
			isa = PBXSourcesBuildPhase;
			buildActionMask = 2147483647;
			files = (
				8B3BBE7018769873001CED0D /* TestGitViewController.m in Sources */,
				8B3BBE6618769873001CED0D /* main.m in Sources */,
				8B3BBE6A18769873001CED0D /* TestGitAppDelegate.m in Sources */,
			);
			runOnlyForDeploymentPostprocessing = 0;
		};
		8B3BBE7318769873001CED0D /* Sources */ = {
			isa = PBXSourcesBuildPhase;
			buildActionMask = 2147483647;
			files = (
				8B3BBE8518769873001CED0D /* testgitTests.m in Sources */,
			);
			runOnlyForDeploymentPostprocessing = 0;
		};
/* End PBXSourcesBuildPhase section */

/* Begin PBXTargetDependency section */
		8B3BBE7D18769873001CED0D /* PBXTargetDependency */ = {
			isa = PBXTargetDependency;
			target = 8B3BBE5518769873001CED0D /* testgit */;
			targetProxy = 8B3BBE7C18769873001CED0D /* PBXContainerItemProxy */;
		};
/* End PBXTargetDependency section */

/* Begin PBXVariantGroup section */
		8B3BBE6218769873001CED0D /* InfoPlist.strings */ = {
			isa = PBXVariantGroup;
			children = (
				8B3BBE6318769873001CED0D /* en */,
			);
			name = InfoPlist.strings;
			sourceTree = "<group>";
		};
		8B3BBE6B18769873001CED0D /* Main.storyboard */ = {
			isa = PBXVariantGroup;
			children = (
				8B3BBE6C18769873001CED0D /* Base */,
			);
			name = Main.storyboard;
			sourceTree = "<group>";
		};
		8B3BBE8118769873001CED0D /* InfoPlist.strings */ = {
			isa = PBXVariantGroup;
			children = (
				8B3BBE8218769873001CED0D /* en */,
			);
			name = InfoPlist.strings;
			sourceTree = "<group>";
		};
/* End PBXVariantGroup section */

/* Begin XCBuildConfiguration section */
		8B3BBE8618769873001CED0D /* Debug */ = {
			isa = XCBuildConfiguration;
			buildSettings = {
				ALWAYS_SEARCH_USER_PATHS = NO;
				ARCHS = "$(ARCHS_STANDARD_INCLUDING_64_BIT)";
				CLANG_CXX_LANGUAGE_STANDARD = "gnu++0x";
				CLANG_CXX_LIBRARY = "libc++";
				CLANG_ENABLE_MODULES = YES;
				CLANG_ENABLE_OBJC_ARC = YES;
				CLANG_WARN_BOOL_CONVERSION = YES;
				CLANG_WARN_CONSTANT_CONVERSION = YES;
				CLANG_WARN_DIRECT_OBJC_ISA_USAGE = YES_ERROR;
				CLANG_WARN_EMPTY_BODY = YES;
				CLANG_WARN_ENUM_CONVERSION = YES;
				CLANG_WARN_INT_CONVERSION = YES;
				CLANG_WARN_OBJC_ROOT_CLASS = YES_ERROR;
				CLANG_WARN__DUPLICATE_METHOD_MATCH = YES;
				"CODE_SIGN_IDENTITY[sdk=iphoneos*]" = "iPhone Developer";
				COPY_PHASE_STRIP = NO;
				GCC_C_LANGUAGE_STANDARD = gnu99;
				GCC_DYNAMIC_NO_PIC = NO;
				GCC_OPTIMIZATION_LEVEL = 0;
				GCC_PREPROCESSOR_DEFINITIONS = (
					"DEBUG=1",
					"$(inherited)",
				);
				GCC_SYMBOLS_PRIVATE_EXTERN = NO;
				GCC_WARN_64_TO_32_BIT_CONVERSION = YES;
				GCC_WARN_ABOUT_RETURN_TYPE = YES_ERROR;
				GCC_WARN_UNDECLARED_SELECTOR = YES;
				GCC_WARN_UNINITIALIZED_AUTOS = YES;
				GCC_WARN_UNUSED_FUNCTION = YES;
				GCC_WARN_UNUSED_VARIABLE = YES;
				IPHONEOS_DEPLOYMENT_TARGET = 7.0;
				ONLY_ACTIVE_ARCH = YES;
				SDKROOT = iphoneos;
			};
			name = Debug;
		};
		8B3BBE8718769873001CED0D /* Release */ = {
			isa = XCBuildConfiguration;
			buildSettings = {
				ALWAYS_SEARCH_USER_PATHS = NO;
				ARCHS = "$(ARCHS_STANDARD_INCLUDING_64_BIT)";
				CLANG_CXX_LANGUAGE_STANDARD = "gnu++0x";
				CLANG_CXX_LIBRARY = "libc++";
				CLANG_ENABLE_MODULES = YES;
				CLANG_ENABLE_OBJC_ARC = YES;
				CLANG_WARN_BOOL_CONVERSION = YES;
				CLANG_WARN_CONSTANT_CONVERSION = YES;
				CLANG_WARN_DIRECT_OBJC_ISA_USAGE = YES_ERROR;
				CLANG_WARN_EMPTY_BODY = YES;
				CLANG_WARN_ENUM_CONVERSION = YES;
				CLANG_WARN_INT_CONVERSION = YES;
				CLANG_WARN_OBJC_ROOT_CLASS = YES_ERROR;
				CLANG_WARN__DUPLICATE_METHOD_MATCH = YES;
				"CODE_SIGN_IDENTITY[sdk=iphoneos*]" = "iPhone Developer";
				COPY_PHASE_STRIP = YES;
				ENABLE_NS_ASSERTIONS = NO;
				GCC_C_LANGUAGE_STANDARD = gnu99;
				GCC_WARN_64_TO_32_BIT_CONVERSION = YES;
				GCC_WARN_ABOUT_RETURN_TYPE = YES_ERROR;
				GCC_WARN_UNDECLARED_SELECTOR = YES;
				GCC_WARN_UNINITIALIZED_AUTOS = YES;
				GCC_WARN_UNUSED_FUNCTION = YES;
				GCC_WARN_UNUSED_VARIABLE = YES;
				IPHONEOS_DEPLOYMENT_TARGET = 7.0;
				SDKROOT = iphoneos;
				VALIDATE_PRODUCT = YES;
			};
			name = Release;
		};
		8B3BBE8918769873001CED0D /* Debug */ = {
			isa = XCBuildConfiguration;
			buildSettings = {
				ASSETCATALOG_COMPILER_APPICON_NAME = AppIcon;
				ASSETCATALOG_COMPILER_LAUNCHIMAGE_NAME = LaunchImage;
				GCC_PRECOMPILE_PREFIX_HEADER = YES;
				GCC_PREFIX_HEADER = "testgit/testgit-Prefix.pch";
				INFOPLIST_FILE = "testgit/testgit-Info.plist";
				PRODUCT_NAME = "$(TARGET_NAME)";
				WRAPPER_EXTENSION = app;
			};
			name = Debug;
		};
		8B3BBE8A18769873001CED0D /* Release */ = {
			isa = XCBuildConfiguration;
			buildSettings = {
				ASSETCATALOG_COMPILER_APPICON_NAME = AppIcon;
				ASSETCATALOG_COMPILER_LAUNCHIMAGE_NAME = LaunchImage;
				GCC_PRECOMPILE_PREFIX_HEADER = YES;
				GCC_PREFIX_HEADER = "testgit/testgit-Prefix.pch";
				INFOPLIST_FILE = "testgit/testgit-Info.plist";
				PRODUCT_NAME = "$(TARGET_NAME)";
				WRAPPER_EXTENSION = app;
			};
			name = Release;
		};
		8B3BBE8C18769873001CED0D /* Debug */ = {
			isa = XCBuildConfiguration;
			buildSettings = {
				ARCHS = "$(ARCHS_STANDARD_INCLUDING_64_BIT)";
				BUNDLE_LOADER = "$(BUILT_PRODUCTS_DIR)/testgit.app/testgit";
				FRAMEWORK_SEARCH_PATHS = (
					"$(SDKROOT)/Developer/Library/Frameworks",
					"$(inherited)",
					"$(DEVELOPER_FRAMEWORKS_DIR)",
				);
				GCC_PRECOMPILE_PREFIX_HEADER = YES;
				GCC_PREFIX_HEADER = "testgit/testgit-Prefix.pch";
				GCC_PREPROCESSOR_DEFINITIONS = (
					"DEBUG=1",
					"$(inherited)",
				);
				INFOPLIST_FILE = "testgitTests/testgitTests-Info.plist";
				PRODUCT_NAME = "$(TARGET_NAME)";
				TEST_HOST = "$(BUNDLE_LOADER)";
				WRAPPER_EXTENSION = xctest;
			};
			name = Debug;
		};
		8B3BBE8D18769873001CED0D /* Release */ = {
			isa = XCBuildConfiguration;
			buildSettings = {
				ARCHS = "$(ARCHS_STANDARD_INCLUDING_64_BIT)";
				BUNDLE_LOADER = "$(BUILT_PRODUCTS_DIR)/testgit.app/testgit";
				FRAMEWORK_SEARCH_PATHS = (
					"$(SDKROOT)/Developer/Library/Frameworks",
					"$(inherited)",
					"$(DEVELOPER_FRAMEWORKS_DIR)",
				);
				GCC_PRECOMPILE_PREFIX_HEADER = YES;
				GCC_PREFIX_HEADER = "testgit/testgit-Prefix.pch";
				INFOPLIST_FILE = "testgitTests/testgitTests-Info.plist";
				PRODUCT_NAME = "$(TARGET_NAME)";
				TEST_HOST = "$(BUNDLE_LOADER)";
				WRAPPER_EXTENSION = xctest;
			};
			name = Release;
		};
/* End XCBuildConfiguration section */

/* Begin XCConfigurationList section */
		8B3BBE5118769873001CED0D /* Build configuration list for PBXProject "testgit" */ = {
			isa = XCConfigurationList;
			buildConfigurations = (
				8B3BBE8618769873001CED0D /* Debug */,
				8B3BBE8718769873001CED0D /* Release */,
			);
			defaultConfigurationIsVisible = 0;
			defaultConfigurationName = Release;
		};
		8B3BBE8818769873001CED0D /* Build configuration list for PBXNativeTarget "testgit" */ = {
			isa = XCConfigurationList;
			buildConfigurations = (
				8B3BBE8918769873001CED0D /* Debug */,
				8B3BBE8A18769873001CED0D /* Release */,
			);
			defaultConfigurationIsVisible = 0;
		};
		8B3BBE8B18769873001CED0D /* Build configuration list for PBXNativeTarget "testgitTests" */ = {
			isa = XCConfigurationList;
			buildConfigurations = (
				8B3BBE8C18769873001CED0D /* Debug */,
				8B3BBE8D18769873001CED0D /* Release */,
			);
			defaultConfigurationIsVisible = 0;
		};
/* End XCConfigurationList section */
	};
	rootObject = 8B3BBE4E18769873001CED0D /* Project object */;
}
